// !$*UTF8*$!
{
	archiveVersion = 1;
	classes = {
	};
	objectVersion = 56;
	objects = {

/* Begin PBXBuildFile section */
		1817A1022E1EAFD700A867CC /* CategoryViewController.swift in Sources */ = {isa = PBXBuildFile; fileRef = 1817A1012E1EAFD700A867CC /* CategoryViewController.swift */; };
		183610312E16B28400E2B8F3 /* DataModel.xcdatamodeld in Sources */ = {isa = PBXBuildFile; fileRef = 1836102F2E16B28300E2B8F3 /* DataModel.xcdatamodeld */; };
		1850A0562E1FE58B00C5050D /* SwipeCellKit in Frameworks */ = {isa = PBXBuildFile; productRef = 1850A0552E1FE58B00C5050D /* SwipeCellKit */; };
		188D27B82E155C2C008AD653 /* AppDelegate.swift in Sources */ = {isa = PBXBuildFile; fileRef = 188D27B72E155C2C008AD653 /* AppDelegate.swift */; };
		188D27BA2E155C2C008AD653 /* SceneDelegate.swift in Sources */ = {isa = PBXBuildFile; fileRef = 188D27B92E155C2C008AD653 /* SceneDelegate.swift */; };
		188D27BC2E155C2C008AD653 /* TodoListViewController.swift in Sources */ = {isa = PBXBuildFile; fileRef = 188D27BB2E155C2C008AD653 /* TodoListViewController.swift */; };
		188D27BF2E155C2C008AD653 /* Base in Resources */ = {isa = PBXBuildFile; fileRef = 188D27BE2E155C2C008AD653 /* Base */; };
		188D27C12E155C2F008AD653 /* Assets.xcassets in Resources */ = {isa = PBXBuildFile; fileRef = 188D27C02E155C2F008AD653 /* Assets.xcassets */; };
		188D27C42E155C2F008AD653 /* Base in Resources */ = {isa = PBXBuildFile; fileRef = 188D27C32E155C2F008AD653 /* Base */; };
		18B182DA2E212E7B00604ADF /* SwipeTableViewController.swift in Sources */ = {isa = PBXBuildFile; fileRef = 18B182D92E212E7B00604ADF /* SwipeTableViewController.swift */; };
		3F0D742A2F9CA132CD4C2266 /* Pods_toDoList.framework in Frameworks */ = {isa = PBXBuildFile; fileRef = 9928562EF667B0DAFE431FA1 /* Pods_toDoList.framework */; };
/* End PBXBuildFile section */

/* Begin PBXFileReference section */
		1817A1012E1EAFD700A867CC /* CategoryViewController.swift */ = {isa = PBXFileReference; lastKnownFileType = sourcecode.swift; path = CategoryViewController.swift; sourceTree = "<group>"; };
		183610302E16B28300E2B8F3 /* DataModel.xcdatamodel */ = {isa = PBXFileReference; lastKnownFileType = wrapper.xcdatamodel; path = DataModel.xcdatamodel; sourceTree = "<group>"; };
		188D27B42E155C2C008AD653 /* toDoList.app */ = {isa = PBXFileReference; explicitFileType = wrapper.application; includeInIndex = 0; path = toDoList.app; sourceTree = BUILT_PRODUCTS_DIR; };
		188D27B72E155C2C008AD653 /* AppDelegate.swift */ = {isa = PBXFileReference; lastKnownFileType = sourcecode.swift; path = AppDelegate.swift; sourceTree = "<group>"; };
		188D27B92E155C2C008AD653 /* SceneDelegate.swift */ = {isa = PBXFileReference; lastKnownFileType = sourcecode.swift; path = SceneDelegate.swift; sourceTree = "<group>"; };
		188D27BB2E155C2C008AD653 /* TodoListViewController.swift */ = {isa = PBXFileReference; lastKnownFileType = sourcecode.swift; path = TodoListViewController.swift; sourceTree = "<group>"; };
		188D27BE2E155C2C008AD653 /* Base */ = {isa = PBXFileReference; lastKnownFileType = file.storyboard; name = Base; path = Base.lproj/Main.storyboard; sourceTree = "<group>"; };
		188D27C02E155C2F008AD653 /* Assets.xcassets */ = {isa = PBXFileReference; lastKnownFileType = folder.assetcatalog; path = Assets.xcassets; sourceTree = "<group>"; };
		188D27C32E155C2F008AD653 /* Base */ = {isa = PBXFileReference; lastKnownFileType = file.storyboard; name = Base; path = Base.lproj/LaunchScreen.storyboard; sourceTree = "<group>"; };
		188D27C52E155C2F008AD653 /* Info.plist */ = {isa = PBXFileReference; lastKnownFileType = text.plist.xml; path = Info.plist; sourceTree = "<group>"; };
		18B182D92E212E7B00604ADF /* SwipeTableViewController.swift */ = {isa = PBXFileReference; lastKnownFileType = sourcecode.swift; path = SwipeTableViewController.swift; sourceTree = "<group>"; };
		321DFC4A17066D38DD2B9C84 /* Pods-toDoList.release.xcconfig */ = {isa = PBXFileReference; includeInIndex = 1; lastKnownFileType = text.xcconfig; name = "Pods-toDoList.release.xcconfig"; path = "Target Support Files/Pods-toDoList/Pods-toDoList.release.xcconfig"; sourceTree = "<group>"; };
		6B9903C32F97CBF99CDEF7C0 /* Pods-toDoList.debug.xcconfig */ = {isa = PBXFileReference; includeInIndex = 1; lastKnownFileType = text.xcconfig; name = "Pods-toDoList.debug.xcconfig"; path = "Target Support Files/Pods-toDoList/Pods-toDoList.debug.xcconfig"; sourceTree = "<group>"; };
		9928562EF667B0DAFE431FA1 /* Pods_toDoList.framework */ = {isa = PBXFileReference; explicitFileType = wrapper.framework; includeInIndex = 0; path = Pods_toDoList.framework; sourceTree = BUILT_PRODUCTS_DIR; };
/* End PBXFileReference section */

/* Begin PBXFrameworksBuildPhase section */
		188D27B12E155C2C008AD653 /* Frameworks */ = {
			isa = PBXFrameworksBuildPhase;
			buildActionMask = 2147483647;
			files = (
				1850A0562E1FE58B00C5050D /* SwipeCellKit in Frameworks */,
				3F0D742A2F9CA132CD4C2266 /* Pods_toDoList.framework in Frameworks */,
			);
			runOnlyForDeploymentPostprocessing = 0;
		};
/* End PBXFrameworksBuildPhase section */

/* Begin PBXGroup section */
		1836102B2E16900400E2B8F3 /* Data Model */ = {
			isa = PBXGroup;
			children = (
				1836102F2E16B28300E2B8F3 /* DataModel.xcdatamodeld */,
			);
			path = "Data Model";
			sourceTree = "<group>";
		};
		1836102C2E16901E00E2B8F3 /* Controllers */ = {
			isa = PBXGroup;
			children = (
				18B182D92E212E7B00604ADF /* SwipeTableViewController.swift */,
				1817A1012E1EAFD700A867CC /* CategoryViewController.swift */,
				188D27BB2E155C2C008AD653 /* TodoListViewController.swift */,
			);
			path = Controllers;
			sourceTree = "<group>";
		};
		1836102D2E16904300E2B8F3 /* Views */ = {
			isa = PBXGroup;
			children = (
				188D27BD2E155C2C008AD653 /* Main.storyboard */,
			);
			path = Views;
			sourceTree = "<group>";
		};
		1836102E2E16905C00E2B8F3 /* Supporting Files */ = {
			isa = PBXGroup;
			children = (
				188D27C02E155C2F008AD653 /* Assets.xcassets */,
				188D27C22E155C2F008AD653 /* LaunchScreen.storyboard */,
			);
			path = "Supporting Files";
			sourceTree = "<group>";
		};
		188D27AB2E155C2C008AD653 = {
			isa = PBXGroup;
			children = (
				188D27B62E155C2C008AD653 /* toDoList */,
				188D27B52E155C2C008AD653 /* Products */,
				2224CF4526BBC0095FFF60B8 /* Pods */,
				819B499874600682D37793D9 /* Frameworks */,
			);
			sourceTree = "<group>";
		};
		188D27B52E155C2C008AD653 /* Products */ = {
			isa = PBXGroup;
			children = (
				188D27B42E155C2C008AD653 /* toDoList.app */,
			);
			name = Products;
			sourceTree = "<group>";
		};
		188D27B62E155C2C008AD653 /* toDoList */ = {
			isa = PBXGroup;
			children = (
				188D27B72E155C2C008AD653 /* AppDelegate.swift */,
				188D27B92E155C2C008AD653 /* SceneDelegate.swift */,
				1836102C2E16901E00E2B8F3 /* Controllers */,
				1836102B2E16900400E2B8F3 /* Data Model */,
				1836102D2E16904300E2B8F3 /* Views */,
				1836102E2E16905C00E2B8F3 /* Supporting Files */,
				188D27C52E155C2F008AD653 /* Info.plist */,
			);
			path = toDoList;
			sourceTree = "<group>";
		};
		2224CF4526BBC0095FFF60B8 /* Pods */ = {
			isa = PBXGroup;
			children = (
				6B9903C32F97CBF99CDEF7C0 /* Pods-toDoList.debug.xcconfig */,
				321DFC4A17066D38DD2B9C84 /* Pods-toDoList.release.xcconfig */,
			);
			path = Pods;
			sourceTree = "<group>";
		};
		819B499874600682D37793D9 /* Frameworks */ = {
			isa = PBXGroup;
			children = (
				9928562EF667B0DAFE431FA1 /* Pods_toDoList.framework */,
			);
			name = Frameworks;
			sourceTree = "<group>";
		};
/* End PBXGroup section */

/* Begin PBXNativeTarget section */
		188D27B32E155C2C008AD653 /* toDoList */ = {
			isa = PBXNativeTarget;
			buildConfigurationList = 188D27C82E155C2F008AD653 /* Build configuration list for PBXNativeTarget "toDoList" */;
			buildPhases = (
				4114C2CFA4FBAC2EEEC1CA76 /* [CP] Check Pods Manifest.lock */,
				188D27B02E155C2C008AD653 /* Sources */,
				188D27B12E155C2C008AD653 /* Frameworks */,
				188D27B22E155C2C008AD653 /* Resources */,
				485F372EC20B22E6091C3C08 /* [CP] Embed Pods Frameworks */,
			);
			buildRules = (
			);
			dependencies = (
			);
			name = toDoList;
			packageProductDependencies = (
				1850A0552E1FE58B00C5050D /* SwipeCellKit */,
			);
			productName = toDoList;
			productReference = 188D27B42E155C2C008AD653 /* toDoList.app */;
			productType = "com.apple.product-type.application";
		};
/* End PBXNativeTarget section */

/* Begin PBXProject section */
		188D27AC2E155C2C008AD653 /* Project object */ = {
			isa = PBXProject;
			attributes = {
				BuildIndependentTargetsInParallel = 1;
				LastSwiftUpdateCheck = 1540;
				LastUpgradeCheck = 1540;
				TargetAttributes = {
					188D27B32E155C2C008AD653 = {
						CreatedOnToolsVersion = 15.4;
					};
				};
			};
			buildConfigurationList = 188D27AF2E155C2C008AD653 /* Build configuration list for PBXProject "toDoList" */;
			compatibilityVersion = "Xcode 14.0";
			developmentRegion = en;
			hasScannedForEncodings = 0;
			knownRegions = (
				en,
				Base,
			);
			mainGroup = 188D27AB2E155C2C008AD653;
			packageReferences = (
				1850A0542E1FE58B00C5050D /* XCRemoteSwiftPackageReference "SwipeCellKit" */,
			);
			productRefGroup = 188D27B52E155C2C008AD653 /* Products */;
			projectDirPath = "";
			projectRoot = "";
			targets = (
				188D27B32E155C2C008AD653 /* toDoList */,
			);
		};
/* End PBXProject section */

/* Begin PBXResourcesBuildPhase section */
		188D27B22E155C2C008AD653 /* Resources */ = {
			isa = PBXResourcesBuildPhase;
			buildActionMask = 2147483647;
			files = (
				188D27C12E155C2F008AD653 /* Assets.xcassets in Resources */,
				188D27C42E155C2F008AD653 /* Base in Resources */,
				188D27BF2E155C2C008AD653 /* Base in Resources */,
			);
			runOnlyForDeploymentPostprocessing = 0;
		};
/* End PBXResourcesBuildPhase section */

/* Begin PBXShellScriptBuildPhase section */
		4114C2CFA4FBAC2EEEC1CA76 /* [CP] Check Pods Manifest.lock */ = {
			isa = PBXShellScriptBuildPhase;
			buildActionMask = 2147483647;
			files = (
			);
			inputFileListPaths = (
			);
			inputPaths = (
				"${PODS_PODFILE_DIR_PATH}/Podfile.lock",
				"${PODS_ROOT}/Manifest.lock",
			);
			name = "[CP] Check Pods Manifest.lock";
			outputFileListPaths = (
			);
			outputPaths = (
				"$(DERIVED_FILE_DIR)/Pods-toDoList-checkManifestLockResult.txt",
			);
			runOnlyForDeploymentPostprocessing = 0;
			shellPath = /bin/sh;
			shellScript = "diff \"${PODS_PODFILE_DIR_PATH}/Podfile.lock\" \"${PODS_ROOT}/Manifest.lock\" > /dev/null\nif [ $? != 0 ] ; then\n    # print error to STDERR\n    echo \"error: The sandbox is not in sync with the Podfile.lock. Run 'pod install' or update your CocoaPods installation.\" >&2\n    exit 1\nfi\n# This output is used by Xcode 'outputs' to avoid re-running this script phase.\necho \"SUCCESS\" > \"${SCRIPT_OUTPUT_FILE_0}\"\n";
			showEnvVarsInLog = 0;
		};
		485F372EC20B22E6091C3C08 /* [CP] Embed Pods Frameworks */ = {
			isa = PBXShellScriptBuildPhase;
			buildActionMask = 2147483647;
			files = (
			);
			inputFileListPaths = (
				"${PODS_ROOT}/Target Support Files/Pods-toDoList/Pods-toDoList-frameworks-${CONFIGURATION}-input-files.xcfilelist",
			);
			name = "[CP] Embed Pods Frameworks";
			outputFileListPaths = (
				"${PODS_ROOT}/Target Support Files/Pods-toDoList/Pods-toDoList-frameworks-${CONFIGURATION}-output-files.xcfilelist",
			);
			runOnlyForDeploymentPostprocessing = 0;
			shellPath = /bin/sh;
			shellScript = "\"${PODS_ROOT}/Target Support Files/Pods-toDoList/Pods-toDoList-frameworks.sh\"\n";
			showEnvVarsInLog = 0;
		};
/* End PBXShellScriptBuildPhase section */

/* Begin PBXSourcesBuildPhase section */
		188D27B02E155C2C008AD653 /* Sources */ = {
			isa = PBXSourcesBuildPhase;
			buildActionMask = 2147483647;
			files = (
				1817A1022E1EAFD700A867CC /* CategoryViewController.swift in Sources */,
				183610312E16B28400E2B8F3 /* DataModel.xcdatamodeld in Sources */,
				188D27BC2E155C2C008AD653 /* TodoListViewController.swift in Sources */,
				188D27B82E155C2C008AD653 /* AppDelegate.swift in Sources */,
				18B182DA2E212E7B00604ADF /* SwipeTableViewController.swift in Sources */,
				188D27BA2E155C2C008AD653 /* SceneDelegate.swift in Sources */,
			);
			runOnlyForDeploymentPostprocessing = 0;
		};
/* End PBXSourcesBuildPhase section */

/* Begin PBXVariantGroup section */
		188D27BD2E155C2C008AD653 /* Main.storyboard */ = {
			isa = PBXVariantGroup;
			children = (
				188D27BE2E155C2C008AD653 /* Base */,
			);
			name = Main.storyboard;
			sourceTree = "<group>";
		};
		188D27C22E155C2F008AD653 /* LaunchScreen.storyboard */ = {
			isa = PBXVariantGroup;
			children = (
				188D27C32E155C2F008AD653 /* Base */,
			);
			name = LaunchScreen.storyboard;
			sourceTree = "<group>";
		};
/* End PBXVariantGroup section */

/* Begin XCBuildConfiguration section */
		188D27C62E155C2F008AD653 /* Debug */ = {
			isa = XCBuildConfiguration;
			buildSettings = {
				ALWAYS_SEARCH_USER_PATHS = NO;
				ASSETCATALOG_COMPILER_GENERATE_SWIFT_ASSET_SYMBOL_EXTENSIONS = YES;
				CLANG_ANALYZER_NONNULL = YES;
				CLANG_ANALYZER_NUMBER_OBJECT_CONVERSION = YES_AGGRESSIVE;
				CLANG_CXX_LANGUAGE_STANDARD = "gnu++20";
				CLANG_ENABLE_MODULES = YES;
				CLANG_ENABLE_OBJC_ARC = YES;
				CLANG_ENABLE_OBJC_WEAK = YES;
				CLANG_WARN_BLOCK_CAPTURE_AUTORELEASING = YES;
				CLANG_WARN_BOOL_CONVERSION = YES;
				CLANG_WARN_COMMA = YES;
				CLANG_WARN_CONSTANT_CONVERSION = YES;
				CLANG_WARN_DEPRECATED_OBJC_IMPLEMENTATIONS = YES;
				CLANG_WARN_DIRECT_OBJC_ISA_USAGE = YES_ERROR;
				CLANG_WARN_DOCUMENTATION_COMMENTS = YES;
				CLANG_WARN_EMPTY_BODY = YES;
				CLANG_WARN_ENUM_CONVERSION = YES;
				CLANG_WARN_INFINITE_RECURSION = YES;
				CLANG_WARN_INT_CONVERSION = YES;
				CLANG_WARN_NON_LITERAL_NULL_CONVERSION = YES;
				CLANG_WARN_OBJC_IMPLICIT_RETAIN_SELF = YES;
				CLANG_WARN_OBJC_LITERAL_CONVERSION = YES;
				CLANG_WARN_OBJC_ROOT_CLASS = YES_ERROR;
				CLANG_WARN_QUOTED_INCLUDE_IN_FRAMEWORK_HEADER = YES;
				CLANG_WARN_RANGE_LOOP_ANALYSIS = YES;
				CLANG_WARN_STRICT_PROTOTYPES = YES;
				CLANG_WARN_SUSPICIOUS_MOVE = YES;
				CLANG_WARN_UNGUARDED_AVAILABILITY = YES_AGGRESSIVE;
				CLANG_WARN_UNREACHABLE_CODE = YES;
				CLANG_WARN__DUPLICATE_METHOD_MATCH = YES;
				COPY_PHASE_STRIP = NO;
				DEBUG_INFORMATION_FORMAT = dwarf;
				ENABLE_STRICT_OBJC_MSGSEND = YES;
				ENABLE_TESTABILITY = YES;
				ENABLE_USER_SCRIPT_SANDBOXING = NO;
				GCC_C_LANGUAGE_STANDARD = gnu17;
				GCC_DYNAMIC_NO_PIC = NO;
				GCC_NO_COMMON_BLOCKS = YES;
				GCC_OPTIMIZATION_LEVEL = 0;
				GCC_PREPROCESSOR_DEFINITIONS = (
					"DEBUG=1",
					"$(inherited)",
				);
				GCC_WARN_64_TO_32_BIT_CONVERSION = YES;
				GCC_WARN_ABOUT_RETURN_TYPE = YES_ERROR;
				GCC_WARN_UNDECLARED_SELECTOR = YES;
				GCC_WARN_UNINITIALIZED_AUTOS = YES_AGGRESSIVE;
				GCC_WARN_UNUSED_FUNCTION = YES;
				GCC_WARN_UNUSED_VARIABLE = YES;
				IPHONEOS_DEPLOYMENT_TARGET = 17.5;
				LOCALIZATION_PREFERS_STRING_CATALOGS = YES;
				MTL_ENABLE_DEBUG_INFO = INCLUDE_SOURCE;
				MTL_FAST_MATH = YES;
				ONLY_ACTIVE_ARCH = YES;
				SDKROOT = iphoneos;
				SWIFT_ACTIVE_COMPILATION_CONDITIONS = "DEBUG $(inherited)";
				SWIFT_OPTIMIZATION_LEVEL = "-Onone";
			};
			name = Debug;
		};
		188D27C72E155C2F008AD653 /* Release */ = {
			isa = XCBuildConfiguration;
			buildSettings = {
				ALWAYS_SEARCH_USER_PATHS = NO;
				ASSETCATALOG_COMPILER_GENERATE_SWIFT_ASSET_SYMBOL_EXTENSIONS = YES;
				CLANG_ANALYZER_NONNULL = YES;
				CLANG_ANALYZER_NUMBER_OBJECT_CONVERSION = YES_AGGRESSIVE;
				CLANG_CXX_LANGUAGE_STANDARD = "gnu++20";
				CLANG_ENABLE_MODULES = YES;
				CLANG_ENABLE_OBJC_ARC = YES;
				CLANG_ENABLE_OBJC_WEAK = YES;
				CLANG_WARN_BLOCK_CAPTURE_AUTORELEASING = YES;
				CLANG_WARN_BOOL_CONVERSION = YES;
				CLANG_WARN_COMMA = YES;
				CLANG_WARN_CONSTANT_CONVERSION = YES;
				CLANG_WARN_DEPRECATED_OBJC_IMPLEMENTATIONS = YES;
				CLANG_WARN_DIRECT_OBJC_ISA_USAGE = YES_ERROR;
				CLANG_WARN_DOCUMENTATION_COMMENTS = YES;
				CLANG_WARN_EMPTY_BODY = YES;
				CLANG_WARN_ENUM_CONVERSION = YES;
				CLANG_WARN_INFINITE_RECURSION = YES;
				CLANG_WARN_INT_CONVERSION = YES;
				CLANG_WARN_NON_LITERAL_NULL_CONVERSION = YES;
				CLANG_WARN_OBJC_IMPLICIT_RETAIN_SELF = YES;
				CLANG_WARN_OBJC_LITERAL_CONVERSION = YES;
				CLANG_WARN_OBJC_ROOT_CLASS = YES_ERROR;
				CLANG_WARN_QUOTED_INCLUDE_IN_FRAMEWORK_HEADER = YES;
				CLANG_WARN_RANGE_LOOP_ANALYSIS = YES;
				CLANG_WARN_STRICT_PROTOTYPES = YES;
				CLANG_WARN_SUSPICIOUS_MOVE = YES;
				CLANG_WARN_UNGUARDED_AVAILABILITY = YES_AGGRESSIVE;
				CLANG_WARN_UNREACHABLE_CODE = YES;
				CLANG_WARN__DUPLICATE_METHOD_MATCH = YES;
				COPY_PHASE_STRIP = NO;
				DEBUG_INFORMATION_FORMAT = "dwarf-with-dsym";
				ENABLE_NS_ASSERTIONS = NO;
				ENABLE_STRICT_OBJC_MSGSEND = YES;
				ENABLE_USER_SCRIPT_SANDBOXING = NO;
				GCC_C_LANGUAGE_STANDARD = gnu17;
				GCC_NO_COMMON_BLOCKS = YES;
				GCC_WARN_64_TO_32_BIT_CONVERSION = YES;
				GCC_WARN_ABOUT_RETURN_TYPE = YES_ERROR;
				GCC_WARN_UNDECLARED_SELECTOR = YES;
				GCC_WARN_UNINITIALIZED_AUTOS = YES_AGGRESSIVE;
				GCC_WARN_UNUSED_FUNCTION = YES;
				GCC_WARN_UNUSED_VARIABLE = YES;
				IPHONEOS_DEPLOYMENT_TARGET = 17.5;
				LOCALIZATION_PREFERS_STRING_CATALOGS = YES;
				MTL_ENABLE_DEBUG_INFO = NO;
				MTL_FAST_MATH = YES;
				SDKROOT = iphoneos;
				SWIFT_COMPILATION_MODE = wholemodule;
				VALIDATE_PRODUCT = YES;
			};
			name = Release;
		};
		188D27C92E155C2F008AD653 /* Debug */ = {
			isa = XCBuildConfiguration;
			baseConfigurationReference = 6B9903C32F97CBF99CDEF7C0 /* Pods-toDoList.debug.xcconfig */;
			buildSettings = {
				ASSETCATALOG_COMPILER_APPICON_NAME = AppIcon;
				ASSETCATALOG_COMPILER_GLOBAL_ACCENT_COLOR_NAME = AccentColor;
				CODE_SIGN_STYLE = Automatic;
				CURRENT_PROJECT_VERSION = 1;
				GENERATE_INFOPLIST_FILE = YES;
				INFOPLIST_FILE = toDoList/Info.plist;
				INFOPLIST_KEY_UIApplicationSupportsIndirectInputEvents = YES;
				INFOPLIST_KEY_UILaunchStoryboardName = LaunchScreen;
				INFOPLIST_KEY_UIMainStoryboardFile = Main;
				INFOPLIST_KEY_UISupportedInterfaceOrientations_iPad = "UIInterfaceOrientationPortrait UIInterfaceOrientationPortraitUpsideDown UIInterfaceOrientationLandscapeLeft UIInterfaceOrientationLandscapeRight";
				INFOPLIST_KEY_UISupportedInterfaceOrientations_iPhone = "UIInterfaceOrientationPortrait UIInterfaceOrientationLandscapeLeft UIInterfaceOrientationLandscapeRight";
				LD_RUNPATH_SEARCH_PATHS = (
					"$(inherited)",
					"@executable_path/Frameworks",
				);
				MARKETING_VERSION = 1.0;
				PRODUCT_BUNDLE_IDENTIFIER = Jareem.com.toDoList;
				PRODUCT_NAME = "$(TARGET_NAME)";
				SWIFT_EMIT_LOC_STRINGS = YES;
				SWIFT_VERSION = 5.0;
				TARGETED_DEVICE_FAMILY = "1,2";
			};
			name = Debug;
		};
		188D27CA2E155C2F008AD653 /* Release */ = {
			isa = XCBuildConfiguration;
			baseConfigurationReference = 321DFC4A17066D38DD2B9C84 /* Pods-toDoList.release.xcconfig */;
			buildSettings = {
				ASSETCATALOG_COMPILER_APPICON_NAME = AppIcon;
				ASSETCATALOG_COMPILER_GLOBAL_ACCENT_COLOR_NAME = AccentColor;
				CODE_SIGN_STYLE = Automatic;
				CURRENT_PROJECT_VERSION = 1;
				GENERATE_INFOPLIST_FILE = YES;
				INFOPLIST_FILE = toDoList/Info.plist;
				INFOPLIST_KEY_UIApplicationSupportsIndirectInputEvents = YES;
				INFOPLIST_KEY_UILaunchStoryboardName = LaunchScreen;
				INFOPLIST_KEY_UIMainStoryboardFile = Main;
				INFOPLIST_KEY_UISupportedInterfaceOrientations_iPad = "UIInterfaceOrientationPortrait UIInterfaceOrientationPortraitUpsideDown UIInterfaceOrientationLandscapeLeft UIInterfaceOrientationLandscapeRight";
				INFOPLIST_KEY_UISupportedInterfaceOrientations_iPhone = "UIInterfaceOrientationPortrait UIInterfaceOrientationLandscapeLeft UIInterfaceOrientationLandscapeRight";
				LD_RUNPATH_SEARCH_PATHS = (
					"$(inherited)",
					"@executable_path/Frameworks",
				);
				MARKETING_VERSION = 1.0;
				PRODUCT_BUNDLE_IDENTIFIER = Jareem.com.toDoList;
				PRODUCT_NAME = "$(TARGET_NAME)";
				SWIFT_EMIT_LOC_STRINGS = YES;
				SWIFT_VERSION = 5.0;
				TARGETED_DEVICE_FAMILY = "1,2";
			};
			name = Release;
		};
/* End XCBuildConfiguration section */

/* Begin XCConfigurationList section */
		188D27AF2E155C2C008AD653 /* Build configuration list for PBXProject "toDoList" */ = {
			isa = XCConfigurationList;
			buildConfigurations = (
				188D27C62E155C2F008AD653 /* Debug */,
				188D27C72E155C2F008AD653 /* Release */,
			);
			defaultConfigurationIsVisible = 0;
			defaultConfigurationName = Release;
		};
		188D27C82E155C2F008AD653 /* Build configuration list for PBXNativeTarget "toDoList" */ = {
			isa = XCConfigurationList;
			buildConfigurations = (
				188D27C92E155C2F008AD653 /* Debug */,
				188D27CA2E155C2F008AD653 /* Release */,
			);
			defaultConfigurationIsVisible = 0;
			defaultConfigurationName = Release;
		};
/* End XCConfigurationList section */

/* Begin XCRemoteSwiftPackageReference section */
		1850A0542E1FE58B00C5050D /* XCRemoteSwiftPackageReference "SwipeCellKit" */ = {
			isa = XCRemoteSwiftPackageReference;
			repositoryURL = "https://github.com/SwipeCellKit/SwipeCellKit.git";
			requirement = {
				kind = upToNextMajorVersion;
				minimumVersion = 2.7.1;
			};
		};
/* End XCRemoteSwiftPackageReference section */

/* Begin XCSwiftPackageProductDependency section */
		1850A0552E1FE58B00C5050D /* SwipeCellKit */ = {
			isa = XCSwiftPackageProductDependency;
			package = 1850A0542E1FE58B00C5050D /* XCRemoteSwiftPackageReference "SwipeCellKit" */;
			productName = SwipeCellKit;
		};
/* End XCSwiftPackageProductDependency section */

/* Begin XCVersionGroup section */
		1836102F2E16B28300E2B8F3 /* DataModel.xcdatamodeld */ = {
			isa = XCVersionGroup;
			children = (
				183610302E16B28300E2B8F3 /* DataModel.xcdatamodel */,
			);
			currentVersion = 183610302E16B28300E2B8F3 /* DataModel.xcdatamodel */;
			name = DataModel.xcdatamodeld;
			path = "/Users/apple/Documents/Jareem/toDoList/toDoList/Data Model/DataModel.xcdatamodeld";
			sourceTree = "<group>";
			versionGroupType = wrapper.xcdatamodel;
		};
/* End XCVersionGroup section */
	};
	rootObject = 188D27AC2E155C2C008AD653 /* Project object */;
}
